// !$*UTF8*$!
{
	archiveVersion = 1;
	classes = {
	};
	objectVersion = 55;
	objects = {

/* Begin PBXBuildFile section */
		3C876B352729D63300FA6C6C /* AppDelegate.swift in Sources */ = {isa = PBXBuildFile; fileRef = 3C876B342729D63300FA6C6C /* AppDelegate.swift */; };
		3C876B372729D63300FA6C6C /* SceneDelegate.swift in Sources */ = {isa = PBXBuildFile; fileRef = 3C876B362729D63300FA6C6C /* SceneDelegate.swift */; };
		3C876B392729D63300FA6C6C /* ViewController.swift in Sources */ = {isa = PBXBuildFile; fileRef = 3C876B382729D63300FA6C6C /* ViewController.swift */; };
		3C876B3F2729D63300FA6C6C /* yourWorkoutApp.xcdatamodeld in Sources */ = {isa = PBXBuildFile; fileRef = 3C876B3D2729D63300FA6C6C /* yourWorkoutApp.xcdatamodeld */; };
		3C876B412729D63400FA6C6C /* Assets.xcassets in Resources */ = {isa = PBXBuildFile; fileRef = 3C876B402729D63400FA6C6C /* Assets.xcassets */; };
		3C876B442729D63400FA6C6C /* LaunchScreen.storyboard in Resources */ = {isa = PBXBuildFile; fileRef = 3C876B422729D63400FA6C6C /* LaunchScreen.storyboard */; };
		3C876B4F2729D63400FA6C6C /* yourWorkoutAppTests.swift in Sources */ = {isa = PBXBuildFile; fileRef = 3C876B4E2729D63400FA6C6C /* yourWorkoutAppTests.swift */; };
		3C876B592729D63400FA6C6C /* yourWorkoutAppUITests.swift in Sources */ = {isa = PBXBuildFile; fileRef = 3C876B582729D63400FA6C6C /* yourWorkoutAppUITests.swift */; };
		3C876B5B2729D63400FA6C6C /* yourWorkoutAppUITestsLaunchTests.swift in Sources */ = {isa = PBXBuildFile; fileRef = 3C876B5A2729D63400FA6C6C /* yourWorkoutAppUITestsLaunchTests.swift */; };
/* End PBXBuildFile section */

/* Begin PBXContainerItemProxy section */
		3C876B4B2729D63400FA6C6C /* PBXContainerItemProxy */ = {
			isa = PBXContainerItemProxy;
			containerPortal = 3C876B292729D63300FA6C6C /* Project object */;
			proxyType = 1;
			remoteGlobalIDString = 3C876B302729D63300FA6C6C;
			remoteInfo = yourWorkoutApp;
		};
		3C876B552729D63400FA6C6C /* PBXContainerItemProxy */ = {
			isa = PBXContainerItemProxy;
			containerPortal = 3C876B292729D63300FA6C6C /* Project object */;
			proxyType = 1;
			remoteGlobalIDString = 3C876B302729D63300FA6C6C;
			remoteInfo = yourWorkoutApp;
		};
/* End PBXContainerItemProxy section */

/* Begin PBXFileReference section */
		3C876B312729D63300FA6C6C /* yourWorkoutApp.app */ = {isa = PBXFileReference; explicitFileType = wrapper.application; includeInIndex = 0; path = yourWorkoutApp.app; sourceTree = BUILT_PRODUCTS_DIR; };
		3C876B342729D63300FA6C6C /* AppDelegate.swift */ = {isa = PBXFileReference; lastKnownFileType = sourcecode.swift; path = AppDelegate.swift; sourceTree = "<group>"; };
		3C876B362729D63300FA6C6C /* SceneDelegate.swift */ = {isa = PBXFileReference; lastKnownFileType = sourcecode.swift; path = SceneDelegate.swift; sourceTree = "<group>"; };
		3C876B382729D63300FA6C6C /* ViewController.swift */ = {isa = PBXFileReference; lastKnownFileType = sourcecode.swift; path = ViewController.swift; sourceTree = "<group>"; };
		3C876B3E2729D63300FA6C6C /* yourWorkoutApp.xcdatamodel */ = {isa = PBXFileReference; lastKnownFileType = wrapper.xcdatamodel; path = yourWorkoutApp.xcdatamodel; sourceTree = "<group>"; };
		3C876B402729D63400FA6C6C /* Assets.xcassets */ = {isa = PBXFileReference; lastKnownFileType = folder.assetcatalog; path = Assets.xcassets; sourceTree = "<group>"; };
		3C876B432729D63400FA6C6C /* Base */ = {isa = PBXFileReference; lastKnownFileType = file.storyboard; name = Base; path = Base.lproj/LaunchScreen.storyboard; sourceTree = "<group>"; };
		3C876B452729D63400FA6C6C /* Info.plist */ = {isa = PBXFileReference; lastKnownFileType = text.plist.xml; path = Info.plist; sourceTree = "<group>"; };
		3C876B4A2729D63400FA6C6C /* yourWorkoutAppTests.xctest */ = {isa = PBXFileReference; explicitFileType = wrapper.cfbundle; includeInIndex = 0; path = yourWorkoutAppTests.xctest; sourceTree = BUILT_PRODUCTS_DIR; };
		3C876B4E2729D63400FA6C6C /* yourWorkoutAppTests.swift */ = {isa = PBXFileReference; lastKnownFileType = sourcecode.swift; path = yourWorkoutAppTests.swift; sourceTree = "<group>"; };
		3C876B542729D63400FA6C6C /* yourWorkoutAppUITests.xctest */ = {isa = PBXFileReference; explicitFileType = wrapper.cfbundle; includeInIndex = 0; path = yourWorkoutAppUITests.xctest; sourceTree = BUILT_PRODUCTS_DIR; };
		3C876B582729D63400FA6C6C /* yourWorkoutAppUITests.swift */ = {isa = PBXFileReference; lastKnownFileType = sourcecode.swift; path = yourWorkoutAppUITests.swift; sourceTree = "<group>"; };
		3C876B5A2729D63400FA6C6C /* yourWorkoutAppUITestsLaunchTests.swift */ = {isa = PBXFileReference; lastKnownFileType = sourcecode.swift; path = yourWorkoutAppUITestsLaunchTests.swift; sourceTree = "<group>"; };
/* End PBXFileReference section */

/* Begin PBXFrameworksBuildPhase section */
		3C876B2E2729D63300FA6C6C /* Frameworks */ = {
			isa = PBXFrameworksBuildPhase;
			buildActionMask = 2147483647;
			files = (
			);
			runOnlyForDeploymentPostprocessing = 0;
		};
		3C876B472729D63400FA6C6C /* Frameworks */ = {
			isa = PBXFrameworksBuildPhase;
			buildActionMask = 2147483647;
			files = (
			);
			runOnlyForDeploymentPostprocessing = 0;
		};
		3C876B512729D63400FA6C6C /* Frameworks */ = {
			isa = PBXFrameworksBuildPhase;
			buildActionMask = 2147483647;
			files = (
			);
			runOnlyForDeploymentPostprocessing = 0;
		};
/* End PBXFrameworksBuildPhase section */

/* Begin PBXGroup section */
		3C876B282729D63300FA6C6C = {
			isa = PBXGroup;
			children = (
				3C876B332729D63300FA6C6C /* yourWorkoutApp */,
				3C876B4D2729D63400FA6C6C /* yourWorkoutAppTests */,
				3C876B572729D63400FA6C6C /* yourWorkoutAppUITests */,
				3C876B322729D63300FA6C6C /* Products */,
			);
			sourceTree = "<group>";
		};
		3C876B322729D63300FA6C6C /* Products */ = {
			isa = PBXGroup;
			children = (
				3C876B312729D63300FA6C6C /* yourWorkoutApp.app */,
				3C876B4A2729D63400FA6C6C /* yourWorkoutAppTests.xctest */,
				3C876B542729D63400FA6C6C /* yourWorkoutAppUITests.xctest */,
			);
			name = Products;
			sourceTree = "<group>";
		};
		3C876B332729D63300FA6C6C /* yourWorkoutApp */ = {
			isa = PBXGroup;
			children = (
				3C876B382729D63300FA6C6C /* ViewController.swift */,
				3C876B672729DDF000FA6C6C /* SystemFolder */,
				3C876B452729D63400FA6C6C /* Info.plist */,
				3C876B3D2729D63300FA6C6C /* yourWorkoutApp.xcdatamodeld */,
			);
			path = yourWorkoutApp;
			sourceTree = "<group>";
		};
		3C876B4D2729D63400FA6C6C /* yourWorkoutAppTests */ = {
			isa = PBXGroup;
			children = (
				3C876B4E2729D63400FA6C6C /* yourWorkoutAppTests.swift */,
			);
			path = yourWorkoutAppTests;
			sourceTree = "<group>";
		};
		3C876B572729D63400FA6C6C /* yourWorkoutAppUITests */ = {
			isa = PBXGroup;
			children = (
				3C876B582729D63400FA6C6C /* yourWorkoutAppUITests.swift */,
				3C876B5A2729D63400FA6C6C /* yourWorkoutAppUITestsLaunchTests.swift */,
			);
			path = yourWorkoutAppUITests;
			sourceTree = "<group>";
		};
		3C876B672729DDF000FA6C6C /* SystemFolder */ = {
			isa = PBXGroup;
			children = (
				3C876B342729D63300FA6C6C /* AppDelegate.swift */,
				3C876B362729D63300FA6C6C /* SceneDelegate.swift */,
				3C876B402729D63400FA6C6C /* Assets.xcassets */,
				3C876B422729D63400FA6C6C /* LaunchScreen.storyboard */,
			);
			path = SystemFolder;
			sourceTree = "<group>";
		};
/* End PBXGroup section */

/* Begin PBXNativeTarget section */
		3C876B302729D63300FA6C6C /* yourWorkoutApp */ = {
			isa = PBXNativeTarget;
			buildConfigurationList = 3C876B5E2729D63400FA6C6C /* Build configuration list for PBXNativeTarget "yourWorkoutApp" */;
			buildPhases = (
				3C876B2D2729D63300FA6C6C /* Sources */,
				3C876B2E2729D63300FA6C6C /* Frameworks */,
				3C876B2F2729D63300FA6C6C /* Resources */,
			);
			buildRules = (
			);
			dependencies = (
			);
			name = yourWorkoutApp;
			productName = yourWorkoutApp;
			productReference = 3C876B312729D63300FA6C6C /* yourWorkoutApp.app */;
			productType = "com.apple.product-type.application";
		};
		3C876B492729D63400FA6C6C /* yourWorkoutAppTests */ = {
			isa = PBXNativeTarget;
			buildConfigurationList = 3C876B612729D63400FA6C6C /* Build configuration list for PBXNativeTarget "yourWorkoutAppTests" */;
			buildPhases = (
				3C876B462729D63400FA6C6C /* Sources */,
				3C876B472729D63400FA6C6C /* Frameworks */,
				3C876B482729D63400FA6C6C /* Resources */,
			);
			buildRules = (
			);
			dependencies = (
				3C876B4C2729D63400FA6C6C /* PBXTargetDependency */,
			);
			name = yourWorkoutAppTests;
			productName = yourWorkoutAppTests;
			productReference = 3C876B4A2729D63400FA6C6C /* yourWorkoutAppTests.xctest */;
			productType = "com.apple.product-type.bundle.unit-test";
		};
		3C876B532729D63400FA6C6C /* yourWorkoutAppUITests */ = {
			isa = PBXNativeTarget;
			buildConfigurationList = 3C876B642729D63400FA6C6C /* Build configuration list for PBXNativeTarget "yourWorkoutAppUITests" */;
			buildPhases = (
				3C876B502729D63400FA6C6C /* Sources */,
				3C876B512729D63400FA6C6C /* Frameworks */,
				3C876B522729D63400FA6C6C /* Resources */,
			);
			buildRules = (
			);
			dependencies = (
				3C876B562729D63400FA6C6C /* PBXTargetDependency */,
			);
			name = yourWorkoutAppUITests;
			productName = yourWorkoutAppUITests;
			productReference = 3C876B542729D63400FA6C6C /* yourWorkoutAppUITests.xctest */;
			productType = "com.apple.product-type.bundle.ui-testing";
		};
/* End PBXNativeTarget section */

/* Begin PBXProject section */
		3C876B292729D63300FA6C6C /* Project object */ = {
			isa = PBXProject;
			attributes = {
				BuildIndependentTargetsInParallel = 1;
				LastSwiftUpdateCheck = 1300;
				LastUpgradeCheck = 1300;
				TargetAttributes = {
					3C876B302729D63300FA6C6C = {
						CreatedOnToolsVersion = 13.0;
					};
					3C876B492729D63400FA6C6C = {
						CreatedOnToolsVersion = 13.0;
						TestTargetID = 3C876B302729D63300FA6C6C;
					};
					3C876B532729D63400FA6C6C = {
						CreatedOnToolsVersion = 13.0;
						TestTargetID = 3C876B302729D63300FA6C6C;
					};
				};
			};
			buildConfigurationList = 3C876B2C2729D63300FA6C6C /* Build configuration list for PBXProject "yourWorkoutApp" */;
			compatibilityVersion = "Xcode 13.0";
			developmentRegion = en;
			hasScannedForEncodings = 0;
			knownRegions = (
				en,
				Base,
			);
			mainGroup = 3C876B282729D63300FA6C6C;
			productRefGroup = 3C876B322729D63300FA6C6C /* Products */;
			projectDirPath = "";
			projectRoot = "";
			targets = (
				3C876B302729D63300FA6C6C /* yourWorkoutApp */,
				3C876B492729D63400FA6C6C /* yourWorkoutAppTests */,
				3C876B532729D63400FA6C6C /* yourWorkoutAppUITests */,
			);
		};
/* End PBXProject section */

/* Begin PBXResourcesBuildPhase section */
		3C876B2F2729D63300FA6C6C /* Resources */ = {
			isa = PBXResourcesBuildPhase;
			buildActionMask = 2147483647;
			files = (
				3C876B442729D63400FA6C6C /* LaunchScreen.storyboard in Resources */,
				3C876B412729D63400FA6C6C /* Assets.xcassets in Resources */,
			);
			runOnlyForDeploymentPostprocessing = 0;
		};
		3C876B482729D63400FA6C6C /* Resources */ = {
			isa = PBXResourcesBuildPhase;
			buildActionMask = 2147483647;
			files = (
			);
			runOnlyForDeploymentPostprocessing = 0;
		};
		3C876B522729D63400FA6C6C /* Resources */ = {
			isa = PBXResourcesBuildPhase;
			buildActionMask = 2147483647;
			files = (
			);
			runOnlyForDeploymentPostprocessing = 0;
		};
/* End PBXResourcesBuildPhase section */

/* Begin PBXSourcesBuildPhase section */
		3C876B2D2729D63300FA6C6C /* Sources */ = {
			isa = PBXSourcesBuildPhase;
			buildActionMask = 2147483647;
			files = (
				3C876B392729D63300FA6C6C /* ViewController.swift in Sources */,
				3C876B352729D63300FA6C6C /* AppDelegate.swift in Sources */,
				3C876B3F2729D63300FA6C6C /* yourWorkoutApp.xcdatamodeld in Sources */,
				3C876B372729D63300FA6C6C /* SceneDelegate.swift in Sources */,
			);
			runOnlyForDeploymentPostprocessing = 0;
		};
		3C876B462729D63400FA6C6C /* Sources */ = {
			isa = PBXSourcesBuildPhase;
			buildActionMask = 2147483647;
			files = (
				3C876B4F2729D63400FA6C6C /* yourWorkoutAppTests.swift in Sources */,
			);
			runOnlyForDeploymentPostprocessing = 0;
		};
		3C876B502729D63400FA6C6C /* Sources */ = {
			isa = PBXSourcesBuildPhase;
			buildActionMask = 2147483647;
			files = (
				3C876B592729D63400FA6C6C /* yourWorkoutAppUITests.swift in Sources */,
				3C876B5B2729D63400FA6C6C /* yourWorkoutAppUITestsLaunchTests.swift in Sources */,
			);
			runOnlyForDeploymentPostprocessing = 0;
		};
/* End PBXSourcesBuildPhase section */

/* Begin PBXTargetDependency section */
		3C876B4C2729D63400FA6C6C /* PBXTargetDependency */ = {
			isa = PBXTargetDependency;
			target = 3C876B302729D63300FA6C6C /* yourWorkoutApp */;
			targetProxy = 3C876B4B2729D63400FA6C6C /* PBXContainerItemProxy */;
		};
		3C876B562729D63400FA6C6C /* PBXTargetDependency */ = {
			isa = PBXTargetDependency;
			target = 3C876B302729D63300FA6C6C /* yourWorkoutApp */;
			targetProxy = 3C876B552729D63400FA6C6C /* PBXContainerItemProxy */;
		};
/* End PBXTargetDependency section */

/* Begin PBXVariantGroup section */
		3C876B422729D63400FA6C6C /* LaunchScreen.storyboard */ = {
			isa = PBXVariantGroup;
			children = (
				3C876B432729D63400FA6C6C /* Base */,
			);
			name = LaunchScreen.storyboard;
			sourceTree = "<group>";
		};
/* End PBXVariantGroup section */

/* Begin XCBuildConfiguration section */
		3C876B5C2729D63400FA6C6C /* Debug */ = {
			isa = XCBuildConfiguration;
			buildSettings = {
				ALWAYS_SEARCH_USER_PATHS = NO;
				CLANG_ANALYZER_NONNULL = YES;
				CLANG_ANALYZER_NUMBER_OBJECT_CONVERSION = YES_AGGRESSIVE;
				CLANG_CXX_LANGUAGE_STANDARD = "gnu++17";
				CLANG_CXX_LIBRARY = "libc++";
				CLANG_ENABLE_MODULES = YES;
				CLANG_ENABLE_OBJC_ARC = YES;
				CLANG_ENABLE_OBJC_WEAK = YES;
				CLANG_WARN_BLOCK_CAPTURE_AUTORELEASING = YES;
				CLANG_WARN_BOOL_CONVERSION = YES;
				CLANG_WARN_COMMA = YES;
				CLANG_WARN_CONSTANT_CONVERSION = YES;
				CLANG_WARN_DEPRECATED_OBJC_IMPLEMENTATIONS = YES;
				CLANG_WARN_DIRECT_OBJC_ISA_USAGE = YES_ERROR;
				CLANG_WARN_DOCUMENTATION_COMMENTS = YES;
				CLANG_WARN_EMPTY_BODY = YES;
				CLANG_WARN_ENUM_CONVERSION = YES;
				CLANG_WARN_INFINITE_RECURSION = YES;
				CLANG_WARN_INT_CONVERSION = YES;
				CLANG_WARN_NON_LITERAL_NULL_CONVERSION = YES;
				CLANG_WARN_OBJC_IMPLICIT_RETAIN_SELF = YES;
				CLANG_WARN_OBJC_LITERAL_CONVERSION = YES;
				CLANG_WARN_OBJC_ROOT_CLASS = YES_ERROR;
				CLANG_WARN_QUOTED_INCLUDE_IN_FRAMEWORK_HEADER = YES;
				CLANG_WARN_RANGE_LOOP_ANALYSIS = YES;
				CLANG_WARN_STRICT_PROTOTYPES = YES;
				CLANG_WARN_SUSPICIOUS_MOVE = YES;
				CLANG_WARN_UNGUARDED_AVAILABILITY = YES_AGGRESSIVE;
				CLANG_WARN_UNREACHABLE_CODE = YES;
				CLANG_WARN__DUPLICATE_METHOD_MATCH = YES;
				COPY_PHASE_STRIP = NO;
				DEBUG_INFORMATION_FORMAT = dwarf;
				ENABLE_STRICT_OBJC_MSGSEND = YES;
				ENABLE_TESTABILITY = YES;
				GCC_C_LANGUAGE_STANDARD = gnu11;
				GCC_DYNAMIC_NO_PIC = NO;
				GCC_NO_COMMON_BLOCKS = YES;
				GCC_OPTIMIZATION_LEVEL = 0;
				GCC_PREPROCESSOR_DEFINITIONS = (
					"DEBUG=1",
					"$(inherited)",
				);
				GCC_WARN_64_TO_32_BIT_CONVERSION = YES;
				GCC_WARN_ABOUT_RETURN_TYPE = YES_ERROR;
				GCC_WARN_UNDECLARED_SELECTOR = YES;
				GCC_WARN_UNINITIALIZED_AUTOS = YES_AGGRESSIVE;
				GCC_WARN_UNUSED_FUNCTION = YES;
				GCC_WARN_UNUSED_VARIABLE = YES;
				IPHONEOS_DEPLOYMENT_TARGET = 13.0;
				MTL_ENABLE_DEBUG_INFO = INCLUDE_SOURCE;
				MTL_FAST_MATH = YES;
				ONLY_ACTIVE_ARCH = YES;
				SDKROOT = iphoneos;
				SWIFT_ACTIVE_COMPILATION_CONDITIONS = DEBUG;
				SWIFT_OPTIMIZATION_LEVEL = "-Onone";
			};
			name = Debug;
		};
		3C876B5D2729D63400FA6C6C /* Release */ = {
			isa = XCBuildConfiguration;
			buildSettings = {
				ALWAYS_SEARCH_USER_PATHS = NO;
				CLANG_ANALYZER_NONNULL = YES;
				CLANG_ANALYZER_NUMBER_OBJECT_CONVERSION = YES_AGGRESSIVE;
				CLANG_CXX_LANGUAGE_STANDARD = "gnu++17";
				CLANG_CXX_LIBRARY = "libc++";
				CLANG_ENABLE_MODULES = YES;
				CLANG_ENABLE_OBJC_ARC = YES;
				CLANG_ENABLE_OBJC_WEAK = YES;
				CLANG_WARN_BLOCK_CAPTURE_AUTORELEASING = YES;
				CLANG_WARN_BOOL_CONVERSION = YES;
				CLANG_WARN_COMMA = YES;
				CLANG_WARN_CONSTANT_CONVERSION = YES;
				CLANG_WARN_DEPRECATED_OBJC_IMPLEMENTATIONS = YES;
				CLANG_WARN_DIRECT_OBJC_ISA_USAGE = YES_ERROR;
				CLANG_WARN_DOCUMENTATION_COMMENTS = YES;
				CLANG_WARN_EMPTY_BODY = YES;
				CLANG_WARN_ENUM_CONVERSION = YES;
				CLANG_WARN_INFINITE_RECURSION = YES;
				CLANG_WARN_INT_CONVERSION = YES;
				CLANG_WARN_NON_LITERAL_NULL_CONVERSION = YES;
				CLANG_WARN_OBJC_IMPLICIT_RETAIN_SELF = YES;
				CLANG_WARN_OBJC_LITERAL_CONVERSION = YES;
				CLANG_WARN_OBJC_ROOT_CLASS = YES_ERROR;
				CLANG_WARN_QUOTED_INCLUDE_IN_FRAMEWORK_HEADER = YES;
				CLANG_WARN_RANGE_LOOP_ANALYSIS = YES;
				CLANG_WARN_STRICT_PROTOTYPES = YES;
				CLANG_WARN_SUSPICIOUS_MOVE = YES;
				CLANG_WARN_UNGUARDED_AVAILABILITY = YES_AGGRESSIVE;
				CLANG_WARN_UNREACHABLE_CODE = YES;
				CLANG_WARN__DUPLICATE_METHOD_MATCH = YES;
				COPY_PHASE_STRIP = NO;
				DEBUG_INFORMATION_FORMAT = "dwarf-with-dsym";
				ENABLE_NS_ASSERTIONS = NO;
				ENABLE_STRICT_OBJC_MSGSEND = YES;
				GCC_C_LANGUAGE_STANDARD = gnu11;
				GCC_NO_COMMON_BLOCKS = YES;
				GCC_WARN_64_TO_32_BIT_CONVERSION = YES;
				GCC_WARN_ABOUT_RETURN_TYPE = YES_ERROR;
				GCC_WARN_UNDECLARED_SELECTOR = YES;
				GCC_WARN_UNINITIALIZED_AUTOS = YES_AGGRESSIVE;
				GCC_WARN_UNUSED_FUNCTION = YES;
				GCC_WARN_UNUSED_VARIABLE = YES;
				IPHONEOS_DEPLOYMENT_TARGET = 13.0;
				MTL_ENABLE_DEBUG_INFO = NO;
				MTL_FAST_MATH = YES;
				SDKROOT = iphoneos;
				SWIFT_COMPILATION_MODE = wholemodule;
				SWIFT_OPTIMIZATION_LEVEL = "-O";
				VALIDATE_PRODUCT = YES;
			};
			name = Release;
		};
		3C876B5F2729D63400FA6C6C /* Debug */ = {
			isa = XCBuildConfiguration;
			buildSettings = {
				ASSETCATALOG_COMPILER_APPICON_NAME = AppIcon;
				ASSETCATALOG_COMPILER_GLOBAL_ACCENT_COLOR_NAME = AccentColor;
				CODE_SIGN_STYLE = Automatic;
				CURRENT_PROJECT_VERSION = 1;
				DEVELOPMENT_TEAM = P8VCS3U2KK;
				GENERATE_INFOPLIST_FILE = YES;
				INFOPLIST_FILE = yourWorkoutApp/Info.plist;
				INFOPLIST_KEY_CFBundleDisplayName = YourWorkout;
				INFOPLIST_KEY_UIApplicationSupportsIndirectInputEvents = YES;
				INFOPLIST_KEY_UILaunchStoryboardName = LaunchScreen;
				INFOPLIST_KEY_UISupportedInterfaceOrientations = UIInterfaceOrientationPortrait;
				INFOPLIST_KEY_UISupportedInterfaceOrientations_iPad = "UIInterfaceOrientationPortrait UIInterfaceOrientationPortraitUpsideDown UIInterfaceOrientationLandscapeLeft UIInterfaceOrientationLandscapeRight";
				INFOPLIST_KEY_UISupportedInterfaceOrientations_iPhone = "UIInterfaceOrientationPortrait UIInterfaceOrientationLandscapeLeft UIInterfaceOrientationLandscapeRight";
				LD_RUNPATH_SEARCH_PATHS = (
					"$(inherited)",
					"@executable_path/Frameworks",
				);
				MARKETING_VERSION = 1.0;
				PRODUCT_BUNDLE_IDENTIFIER = com.VyakulinSA.yourWorkoutApp;
				PRODUCT_NAME = "$(TARGET_NAME)";
				SWIFT_EMIT_LOC_STRINGS = YES;
				SWIFT_VERSION = 5.0;
				TARGETED_DEVICE_FAMILY = 1;
			};
			name = Debug;
		};
		3C876B602729D63400FA6C6C /* Release */ = {
			isa = XCBuildConfiguration;
			buildSettings = {
				ASSETCATALOG_COMPILER_APPICON_NAME = AppIcon;
				ASSETCATALOG_COMPILER_GLOBAL_ACCENT_COLOR_NAME = AccentColor;
				CODE_SIGN_STYLE = Automatic;
				CURRENT_PROJECT_VERSION = 1;
				DEVELOPMENT_TEAM = P8VCS3U2KK;
				GENERATE_INFOPLIST_FILE = YES;
				INFOPLIST_FILE = yourWorkoutApp/Info.plist;
				INFOPLIST_KEY_CFBundleDisplayName = YourWorkout;
				INFOPLIST_KEY_UIApplicationSupportsIndirectInputEvents = YES;
				INFOPLIST_KEY_UILaunchStoryboardName = LaunchScreen;
				INFOPLIST_KEY_UISupportedInterfaceOrientations = UIInterfaceOrientationPortrait;
				INFOPLIST_KEY_UISupportedInterfaceOrientations_iPad = "UIInterfaceOrientationPortrait UIInterfaceOrientationPortraitUpsideDown UIInterfaceOrientationLandscapeLeft UIInterfaceOrientationLandscapeRight";
				INFOPLIST_KEY_UISupportedInterfaceOrientations_iPhone = "UIInterfaceOrientationPortrait UIInterfaceOrientationLandscapeLeft UIInterfaceOrientationLandscapeRight";
				LD_RUNPATH_SEARCH_PATHS = (
					"$(inherited)",
					"@executable_path/Frameworks",
				);
				MARKETING_VERSION = 1.0;
				PRODUCT_BUNDLE_IDENTIFIER = com.VyakulinSA.yourWorkoutApp;
				PRODUCT_NAME = "$(TARGET_NAME)";
				SWIFT_EMIT_LOC_STRINGS = YES;
				SWIFT_VERSION = 5.0;
				TARGETED_DEVICE_FAMILY = 1;
			};
			name = Release;
		};
		3C876B622729D63400FA6C6C /* Debug */ = {
			isa = XCBuildConfiguration;
			buildSettings = {
				ALWAYS_EMBED_SWIFT_STANDARD_LIBRARIES = YES;
				BUNDLE_LOADER = "$(TEST_HOST)";
				CODE_SIGN_STYLE = Automatic;
				CURRENT_PROJECT_VERSION = 1;
				DEVELOPMENT_TEAM = P8VCS3U2KK;
				GENERATE_INFOPLIST_FILE = YES;
				IPHONEOS_DEPLOYMENT_TARGET = 15.0;
				LD_RUNPATH_SEARCH_PATHS = (
					"$(inherited)",
					"@executable_path/Frameworks",
					"@loader_path/Frameworks",
				);
				MARKETING_VERSION = 1.0;
				PRODUCT_BUNDLE_IDENTIFIER = com.VyakulinSA.yourWorkoutAppTests;
				PRODUCT_NAME = "$(TARGET_NAME)";
				SWIFT_EMIT_LOC_STRINGS = NO;
				SWIFT_VERSION = 5.0;
				TARGETED_DEVICE_FAMILY = "1,2";
				TEST_HOST = "$(BUILT_PRODUCTS_DIR)/yourWorkoutApp.app/yourWorkoutApp";
			};
			name = Debug;
		};
		3C876B632729D63400FA6C6C /* Release */ = {
			isa = XCBuildConfiguration;
			buildSettings = {
				ALWAYS_EMBED_SWIFT_STANDARD_LIBRARIES = YES;
				BUNDLE_LOADER = "$(TEST_HOST)";
				CODE_SIGN_STYLE = Automatic;
				CURRENT_PROJECT_VERSION = 1;
				DEVELOPMENT_TEAM = P8VCS3U2KK;
				GENERATE_INFOPLIST_FILE = YES;
				IPHONEOS_DEPLOYMENT_TARGET = 15.0;
				LD_RUNPATH_SEARCH_PATHS = (
					"$(inherited)",
					"@executable_path/Frameworks",
					"@loader_path/Frameworks",
				);
				MARKETING_VERSION = 1.0;
				PRODUCT_BUNDLE_IDENTIFIER = com.VyakulinSA.yourWorkoutAppTests;
				PRODUCT_NAME = "$(TARGET_NAME)";
				SWIFT_EMIT_LOC_STRINGS = NO;
				SWIFT_VERSION = 5.0;
				TARGETED_DEVICE_FAMILY = "1,2";
				TEST_HOST = "$(BUILT_PRODUCTS_DIR)/yourWorkoutApp.app/yourWorkoutApp";
			};
			name = Release;
		};
		3C876B652729D63400FA6C6C /* Debug */ = {
			isa = XCBuildConfiguration;
			buildSettings = {
				ALWAYS_EMBED_SWIFT_STANDARD_LIBRARIES = YES;
				CODE_SIGN_STYLE = Automatic;
				CURRENT_PROJECT_VERSION = 1;
				DEVELOPMENT_TEAM = P8VCS3U2KK;
				GENERATE_INFOPLIST_FILE = YES;
				LD_RUNPATH_SEARCH_PATHS = (
					"$(inherited)",
					"@executable_path/Frameworks",
					"@loader_path/Frameworks",
				);
				MARKETING_VERSION = 1.0;
				PRODUCT_BUNDLE_IDENTIFIER = com.VyakulinSA.yourWorkoutAppUITests;
				PRODUCT_NAME = "$(TARGET_NAME)";
				SWIFT_EMIT_LOC_STRINGS = NO;
				SWIFT_VERSION = 5.0;
				TARGETED_DEVICE_FAMILY = "1,2";
				TEST_TARGET_NAME = yourWorkoutApp;
			};
			name = Debug;
		};
		3C876B662729D63400FA6C6C /* Release */ = {
			isa = XCBuildConfiguration;
			buildSettings = {
				ALWAYS_EMBED_SWIFT_STANDARD_LIBRARIES = YES;
				CODE_SIGN_STYLE = Automatic;
				CURRENT_PROJECT_VERSION = 1;
				DEVELOPMENT_TEAM = P8VCS3U2KK;
				GENERATE_INFOPLIST_FILE = YES;
				LD_RUNPATH_SEARCH_PATHS = (
					"$(inherited)",
					"@executable_path/Frameworks",
					"@loader_path/Frameworks",
				);
				MARKETING_VERSION = 1.0;
				PRODUCT_BUNDLE_IDENTIFIER = com.VyakulinSA.yourWorkoutAppUITests;
				PRODUCT_NAME = "$(TARGET_NAME)";
				SWIFT_EMIT_LOC_STRINGS = NO;
				SWIFT_VERSION = 5.0;
				TARGETED_DEVICE_FAMILY = "1,2";
				TEST_TARGET_NAME = yourWorkoutApp;
			};
			name = Release;
		};
/* End XCBuildConfiguration section */

/* Begin XCConfigurationList section */
		3C876B2C2729D63300FA6C6C /* Build configuration list for PBXProject "yourWorkoutApp" */ = {
			isa = XCConfigurationList;
			buildConfigurations = (
				3C876B5C2729D63400FA6C6C /* Debug */,
				3C876B5D2729D63400FA6C6C /* Release */,
			);
			defaultConfigurationIsVisible = 0;
			defaultConfigurationName = Release;
		};
		3C876B5E2729D63400FA6C6C /* Build configuration list for PBXNativeTarget "yourWorkoutApp" */ = {
			isa = XCConfigurationList;
			buildConfigurations = (
				3C876B5F2729D63400FA6C6C /* Debug */,
				3C876B602729D63400FA6C6C /* Release */,
			);
			defaultConfigurationIsVisible = 0;
			defaultConfigurationName = Release;
		};
		3C876B612729D63400FA6C6C /* Build configuration list for PBXNativeTarget "yourWorkoutAppTests" */ = {
			isa = XCConfigurationList;
			buildConfigurations = (
				3C876B622729D63400FA6C6C /* Debug */,
				3C876B632729D63400FA6C6C /* Release */,
			);
			defaultConfigurationIsVisible = 0;
			defaultConfigurationName = Release;
		};
		3C876B642729D63400FA6C6C /* Build configuration list for PBXNativeTarget "yourWorkoutAppUITests" */ = {
			isa = XCConfigurationList;
			buildConfigurations = (
				3C876B652729D63400FA6C6C /* Debug */,
				3C876B662729D63400FA6C6C /* Release */,
			);
			defaultConfigurationIsVisible = 0;
			defaultConfigurationName = Release;
		};
/* End XCConfigurationList section */

/* Begin XCVersionGroup section */
		3C876B3D2729D63300FA6C6C /* yourWorkoutApp.xcdatamodeld */ = {
			isa = XCVersionGroup;
			children = (
				3C876B3E2729D63300FA6C6C /* yourWorkoutApp.xcdatamodel */,
			);
			currentVersion = 3C876B3E2729D63300FA6C6C /* yourWorkoutApp.xcdatamodel */;
			path = yourWorkoutApp.xcdatamodeld;
			sourceTree = "<group>";
			versionGroupType = wrapper.xcdatamodel;
		};
/* End XCVersionGroup section */
	};
	rootObject = 3C876B292729D63300FA6C6C /* Project object */;
}
